// !$*UTF8*$!
{
	archiveVersion = 1;
	classes = {
	};
	objectVersion = 56;
	objects = {

/* Begin PBXBuildFile section */
		1A0000000000000000000001 /* WLJWrapperApp.swift in Sources */ = {isa = PBXBuildFile; fileRef = 1A1000000000000000000001 /* WLJWrapperApp.swift */; };
		1A0000000000000000000002 /* ContentView.swift in Sources */ = {isa = PBXBuildFile; fileRef = 1A1000000000000000000002 /* ContentView.swift */; };
		1A0000000000000000000003 /* MainWebView.swift in Sources */ = {isa = PBXBuildFile; fileRef = 1A1000000000000000000003 /* MainWebView.swift */; };
		1A0000000000000000000004 /* SettingsView.swift in Sources */ = {isa = PBXBuildFile; fileRef = 1A1000000000000000000004 /* SettingsView.swift */; };
		1A0000000000000000000005 /* HealthSyncView.swift in Sources */ = {isa = PBXBuildFile; fileRef = 1A1000000000000000000005 /* HealthSyncView.swift */; };
		1A0000000000000000000006 /* KeychainManager.swift in Sources */ = {isa = PBXBuildFile; fileRef = 1A1000000000000000000006 /* KeychainManager.swift */; };
		1A0000000000000000000007 /* APIClient.swift in Sources */ = {isa = PBXBuildFile; fileRef = 1A1000000000000000000007 /* APIClient.swift */; };
		1A0000000000000000000008 /* HealthKitManager.swift in Sources */ = {isa = PBXBuildFile; fileRef = 1A1000000000000000000008 /* HealthKitManager.swift */; };
		1A0000000000000000000009 /* HealthMetric.swift in Sources */ = {isa = PBXBuildFile; fileRef = 1A1000000000000000000009 /* HealthMetric.swift */; };
		1A000000000000000000000A /* Assets.xcassets in Resources */ = {isa = PBXBuildFile; fileRef = 1A100000000000000000000A /* Assets.xcassets */; };
		1A000000000000000000000B /* HealthKit.framework in Frameworks */ = {isa = PBXBuildFile; fileRef = 1A100000000000000000000B /* HealthKit.framework */; };
		7D6566EE2F2569C9007C1407 /* BackgroundSyncManager.swift in Sources */ = {isa = PBXBuildFile; fileRef = 7D6566ED2F2569C9007C1407 /* BackgroundSyncManager.swift */; };
		7D6566F02F2569D0007C1407 /* PushNotificationManager.swift in Sources */ = {isa = PBXBuildFile; fileRef = 7D6566EF2F2569D0007C1407 /* PushNotificationManager.swift */; };
		7DC2B4CE2F56EBE400D47000 /* ContactImportManager.swift in Sources */ = {isa = PBXBuildFile; fileRef = 7DC2B4CD2F56EBE400D47000 /* ContactImportManager.swift */; };
		7DC2B4D02F56EBF400D47000 /* ContactImportView.swift in Sources */ = {isa = PBXBuildFile; fileRef = 7DC2B4CF2F56EBF400D47000 /* ContactImportView.swift */; };
/* End PBXBuildFile section */

/* Begin PBXFileReference section */
		1A1000000000000000000001 /* WLJWrapperApp.swift */ = {isa = PBXFileReference; lastKnownFileType = sourcecode.swift; path = WLJWrapperApp.swift; sourceTree = "<group>"; };
		1A1000000000000000000002 /* ContentView.swift */ = {isa = PBXFileReference; lastKnownFileType = sourcecode.swift; path = ContentView.swift; sourceTree = "<group>"; };
		1A1000000000000000000003 /* MainWebView.swift */ = {isa = PBXFileReference; lastKnownFileType = sourcecode.swift; path = MainWebView.swift; sourceTree = "<group>"; };
		1A1000000000000000000004 /* SettingsView.swift */ = {isa = PBXFileReference; lastKnownFileType = sourcecode.swift; path = SettingsView.swift; sourceTree = "<group>"; };
		1A1000000000000000000005 /* HealthSyncView.swift */ = {isa = PBXFileReference; lastKnownFileType = sourcecode.swift; path = HealthSyncView.swift; sourceTree = "<group>"; };
		1A1000000000000000000006 /* KeychainManager.swift */ = {isa = PBXFileReference; lastKnownFileType = sourcecode.swift; path = KeychainManager.swift; sourceTree = "<group>"; };
		1A1000000000000000000007 /* APIClient.swift */ = {isa = PBXFileReference; lastKnownFileType = sourcecode.swift; path = APIClient.swift; sourceTree = "<group>"; };
		1A1000000000000000000008 /* HealthKitManager.swift */ = {isa = PBXFileReference; lastKnownFileType = sourcecode.swift; path = HealthKitManager.swift; sourceTree = "<group>"; };
		1A1000000000000000000009 /* HealthMetric.swift */ = {isa = PBXFileReference; lastKnownFileType = sourcecode.swift; path = HealthMetric.swift; sourceTree = "<group>"; };
		1A100000000000000000000A /* Assets.xcassets */ = {isa = PBXFileReference; lastKnownFileType = folder.assetcatalog; path = Assets.xcassets; sourceTree = "<group>"; };
		1A100000000000000000000B /* HealthKit.framework */ = {isa = PBXFileReference; lastKnownFileType = wrapper.framework; name = HealthKit.framework; path = System/Library/Frameworks/HealthKit.framework; sourceTree = SDKROOT; };
		1A100000000000000000000C /* Info.plist */ = {isa = PBXFileReference; lastKnownFileType = text.plist.xml; path = Info.plist; sourceTree = "<group>"; };
		1A100000000000000000000D /* WLJWrapper.app */ = {isa = PBXFileReference; explicitFileType = wrapper.application; includeInIndex = 0; path = WLJWrapper.app; sourceTree = BUILT_PRODUCTS_DIR; };
		1A100000000000000000000E /* WLJWrapper.entitlements */ = {isa = PBXFileReference; lastKnownFileType = text.plist.entitlements; path = WLJWrapper.entitlements; sourceTree = "<group>"; };
		7D6566ED2F2569C9007C1407 /* BackgroundSyncManager.swift */ = {isa = PBXFileReference; lastKnownFileType = sourcecode.swift; path = BackgroundSyncManager.swift; sourceTree = "<group>"; };
		7D6566EF2F2569D0007C1407 /* PushNotificationManager.swift */ = {isa = PBXFileReference; lastKnownFileType = sourcecode.swift; path = PushNotificationManager.swift; sourceTree = "<group>"; };
		7DC2B4CD2F56EBE400D47000 /* ContactImportManager.swift */ = {isa = PBXFileReference; lastKnownFileType = sourcecode.swift; path = ContactImportManager.swift; sourceTree = "<group>"; };
		7DC2B4CF2F56EBF400D47000 /* ContactImportView.swift */ = {isa = PBXFileReference; lastKnownFileType = sourcecode.swift; path = ContactImportView.swift; sourceTree = "<group>"; };
/* End PBXFileReference section */

/* Begin PBXFrameworksBuildPhase section */
		1A2000000000000000000001 /* Frameworks */ = {
			isa = PBXFrameworksBuildPhase;
			buildActionMask = 2147483647;
			files = (
				1A000000000000000000000B /* HealthKit.framework in Frameworks */,
			);
			runOnlyForDeploymentPostprocessing = 0;
		};
/* End PBXFrameworksBuildPhase section */

/* Begin PBXGroup section */
		1A3000000000000000000001 = {
			isa = PBXGroup;
			children = (
				1A3000000000000000000002 /* WLJWrapper */,
				1A3000000000000000000003 /* Products */,
				1A3000000000000000000004 /* Frameworks */,
			);
			sourceTree = "<group>";
		};
		1A3000000000000000000002 /* WLJWrapper */ = {
			isa = PBXGroup;
			children = (
				1A3000000000000000000005 /* App */,
				1A3000000000000000000006 /* Views */,
				1A3000000000000000000007 /* Services */,
				1A3000000000000000000008 /* Models */,
				1A3000000000000000000009 /* Resources */,
				1A100000000000000000000E /* WLJWrapper.entitlements */,
			);
			path = WLJWrapper;
			sourceTree = "<group>";
		};
		1A3000000000000000000003 /* Products */ = {
			isa = PBXGroup;
			children = (
				1A100000000000000000000D /* WLJWrapper.app */,
			);
			name = Products;
			sourceTree = "<group>";
		};
		1A3000000000000000000004 /* Frameworks */ = {
			isa = PBXGroup;
			children = (
				1A100000000000000000000B /* HealthKit.framework */,
			);
			name = Frameworks;
			sourceTree = "<group>";
		};
		1A3000000000000000000005 /* App */ = {
			isa = PBXGroup;
			children = (
				1A1000000000000000000001 /* WLJWrapperApp.swift */,
			);
			path = App;
			sourceTree = "<group>";
		};
		1A3000000000000000000006 /* Views */ = {
			isa = PBXGroup;
			children = (
				1A1000000000000000000002 /* ContentView.swift */,
				7DC2B4CF2F56EBF400D47000 /* ContactImportView.swift */,
				1A1000000000000000000003 /* MainWebView.swift */,
				1A1000000000000000000004 /* SettingsView.swift */,
				1A1000000000000000000005 /* HealthSyncView.swift */,
			);
			path = Views;
			sourceTree = "<group>";
		};
		1A3000000000000000000007 /* Services */ = {
			isa = PBXGroup;
			children = (
				7D6566ED2F2569C9007C1407 /* BackgroundSyncManager.swift */,
				7DC2B4CD2F56EBE400D47000 /* ContactImportManager.swift */,
				7D6566EF2F2569D0007C1407 /* PushNotificationManager.swift */,
				1A1000000000000000000006 /* KeychainManager.swift */,
				1A1000000000000000000007 /* APIClient.swift */,
				1A1000000000000000000008 /* HealthKitManager.swift */,
			);
			path = Services;
			sourceTree = "<group>";
		};
		1A3000000000000000000008 /* Models */ = {
			isa = PBXGroup;
			children = (
				1A1000000000000000000009 /* HealthMetric.swift */,
			);
			path = Models;
			sourceTree = "<group>";
		};
		1A3000000000000000000009 /* Resources */ = {
			isa = PBXGroup;
			children = (
				1A100000000000000000000A /* Assets.xcassets */,
				1A100000000000000000000C /* Info.plist */,
			);
			path = Resources;
			sourceTree = "<group>";
		};
/* End PBXGroup section */

/* Begin PBXNativeTarget section */
		1A4000000000000000000001 /* WLJWrapper */ = {
			isa = PBXNativeTarget;
			buildConfigurationList = 1A5000000000000000000001 /* Build configuration list for PBXNativeTarget "WLJWrapper" */;
			buildPhases = (
				1A4000000000000000000002 /* Sources */,
				1A2000000000000000000001 /* Frameworks */,
				1A4000000000000000000003 /* Resources */,
			);
			buildRules = (
			);
			dependencies = (
			);
			name = WLJWrapper;
			productName = WLJWrapper;
			productReference = 1A100000000000000000000D /* WLJWrapper.app */;
			productType = "com.apple.product-type.application";
		};
/* End PBXNativeTarget section */

/* Begin PBXProject section */
		1A6000000000000000000001 /* Project object */ = {
			isa = PBXProject;
			attributes = {
				BuildIndependentTargetsInParallel = 1;
				LastSwiftUpdateCheck = 1500;
				LastUpgradeCheck = 1500;
				TargetAttributes = {
					1A4000000000000000000001 = {
						CreatedOnToolsVersion = 15.0;
					};
				};
			};
			buildConfigurationList = 1A5000000000000000000002 /* Build configuration list for PBXProject "WLJWrapper" */;
			compatibilityVersion = "Xcode 14.0";
			developmentRegion = en;
			hasScannedForEncodings = 0;
			knownRegions = (
				en,
				Base,
			);
			mainGroup = 1A3000000000000000000001;
			productRefGroup = 1A3000000000000000000003 /* Products */;
			projectDirPath = "";
			projectRoot = "";
			targets = (
				1A4000000000000000000001 /* WLJWrapper */,
			);
		};
/* End PBXProject section */

/* Begin PBXResourcesBuildPhase section */
		1A4000000000000000000003 /* Resources */ = {
			isa = PBXResourcesBuildPhase;
			buildActionMask = 2147483647;
			files = (
				1A000000000000000000000A /* Assets.xcassets in Resources */,
			);
			runOnlyForDeploymentPostprocessing = 0;
		};
/* End PBXResourcesBuildPhase section */

/* Begin PBXSourcesBuildPhase section */
		1A4000000000000000000002 /* Sources */ = {
			isa = PBXSourcesBuildPhase;
			buildActionMask = 2147483647;
			files = (
				1A0000000000000000000001 /* WLJWrapperApp.swift in Sources */,
				1A0000000000000000000002 /* ContentView.swift in Sources */,
				1A0000000000000000000003 /* MainWebView.swift in Sources */,
				1A0000000000000000000004 /* SettingsView.swift in Sources */,
				7D6566EE2F2569C9007C1407 /* BackgroundSyncManager.swift in Sources */,
				7D6566F02F2569D0007C1407 /* PushNotificationManager.swift in Sources */,
				1A0000000000000000000005 /* HealthSyncView.swift in Sources */,
				7DC2B4CE2F56EBE400D47000 /* ContactImportManager.swift in Sources */,
				1A0000000000000000000006 /* KeychainManager.swift in Sources */,
				1A0000000000000000000007 /* APIClient.swift in Sources */,
				1A0000000000000000000008 /* HealthKitManager.swift in Sources */,
				7DC2B4D02F56EBF400D47000 /* ContactImportView.swift in Sources */,
				1A0000000000000000000009 /* HealthMetric.swift in Sources */,
			);
			runOnlyForDeploymentPostprocessing = 0;
		};
/* End PBXSourcesBuildPhase section */

/* Begin XCBuildConfiguration section */
		1A7000000000000000000001 /* Debug */ = {
			isa = XCBuildConfiguration;
			buildSettings = {
				ALWAYS_SEARCH_USER_PATHS = NO;
				ASSETCATALOG_COMPILER_GENERATE_SWIFT_ASSET_SYMBOL_EXTENSIONS = YES;
				CLANG_ANALYZER_NONNULL = YES;
				CLANG_ANALYZER_NUMBER_OBJECT_CONVERSION = YES_AGGRESSIVE;
				CLANG_CXX_LANGUAGE_STANDARD = "gnu++20";
				CLANG_ENABLE_MODULES = YES;
				CLANG_ENABLE_OBJC_ARC = YES;
				CLANG_ENABLE_OBJC_WEAK = YES;
				CLANG_WARN_BLOCK_CAPTURE_AUTORELEASING = YES;
				CLANG_WARN_BOOL_CONVERSION = YES;
				CLANG_WARN_COMMA = YES;
				CLANG_WARN_CONSTANT_CONVERSION = YES;
				CLANG_WARN_DEPRECATED_OBJC_IMPLEMENTATIONS = YES;
				CLANG_WARN_DIRECT_OBJC_ISA_USAGE = YES_ERROR;
				CLANG_WARN_DOCUMENTATION_COMMENTS = YES;
				CLANG_WARN_EMPTY_BODY = YES;
				CLANG_WARN_ENUM_CONVERSION = YES;
				CLANG_WARN_INFINITE_RECURSION = YES;
				CLANG_WARN_INT_CONVERSION = YES;
				CLANG_WARN_NON_LITERAL_NULL_CONVERSION = YES;
				CLANG_WARN_OBJC_IMPLICIT_RETAIN_SELF = YES;
				CLANG_WARN_OBJC_LITERAL_CONVERSION = YES;
				CLANG_WARN_OBJC_ROOT_CLASS = YES_ERROR;
				CLANG_WARN_QUOTED_INCLUDE_IN_FRAMEWORK_HEADER = YES;
				CLANG_WARN_RANGE_LOOP_ANALYSIS = YES;
				CLANG_WARN_STRICT_PROTOTYPES = YES;
				CLANG_WARN_SUSPICIOUS_MOVE = YES;
				CLANG_WARN_UNGUARDED_AVAILABILITY = YES_AGGRESSIVE;
				CLANG_WARN_UNREACHABLE_CODE = YES;
				CLANG_WARN__DUPLICATE_METHOD_MATCH = YES;
				COPY_PHASE_STRIP = NO;
				DEBUG_INFORMATION_FORMAT = dwarf;
				ENABLE_STRICT_OBJC_MSGSEND = YES;
				ENABLE_TESTABILITY = YES;
				ENABLE_USER_SCRIPT_SANDBOXING = YES;
				GCC_C_LANGUAGE_STANDARD = gnu17;
				GCC_DYNAMIC_NO_PIC = NO;
				GCC_NO_COMMON_BLOCKS = YES;
				GCC_OPTIMIZATION_LEVEL = 0;
				GCC_PREPROCESSOR_DEFINITIONS = (
					"DEBUG=1",
					"$(inherited)",
				);
				GCC_WARN_64_TO_32_BIT_CONVERSION = YES;
				GCC_WARN_ABOUT_RETURN_TYPE = YES_ERROR;
				GCC_WARN_UNDECLARED_SELECTOR = YES;
				GCC_WARN_UNINITIALIZED_AUTOS = YES_AGGRESSIVE;
				GCC_WARN_UNUSED_FUNCTION = YES;
				GCC_WARN_UNUSED_VARIABLE = YES;
				IPHONEOS_DEPLOYMENT_TARGET = 17.0;
				LOCALIZATION_PREFERS_STRING_CATALOGS = YES;
				MTL_ENABLE_DEBUG_INFO = INCLUDE_SOURCE;
				MTL_FAST_MATH = YES;
				ONLY_ACTIVE_ARCH = YES;
				SDKROOT = iphoneos;
				SWIFT_ACTIVE_COMPILATION_CONDITIONS = "DEBUG $(inherited)";
				SWIFT_OPTIMIZATION_LEVEL = "-Onone";
			};
			name = Debug;
		};
		1A7000000000000000000002 /* Release */ = {
			isa = XCBuildConfiguration;
			buildSettings = {
				ALWAYS_SEARCH_USER_PATHS = NO;
				ASSETCATALOG_COMPILER_GENERATE_SWIFT_ASSET_SYMBOL_EXTENSIONS = YES;
				CLANG_ANALYZER_NONNULL = YES;
				CLANG_ANALYZER_NUMBER_OBJECT_CONVERSION = YES_AGGRESSIVE;
				CLANG_CXX_LANGUAGE_STANDARD = "gnu++20";
				CLANG_ENABLE_MODULES = YES;
				CLANG_ENABLE_OBJC_ARC = YES;
				CLANG_ENABLE_OBJC_WEAK = YES;
				CLANG_WARN_BLOCK_CAPTURE_AUTORELEASING = YES;
				CLANG_WARN_BOOL_CONVERSION = YES;
				CLANG_WARN_COMMA = YES;
				CLANG_WARN_CONSTANT_CONVERSION = YES;
				CLANG_WARN_DEPRECATED_OBJC_IMPLEMENTATIONS = YES;
				CLANG_WARN_DIRECT_OBJC_ISA_USAGE = YES_ERROR;
				CLANG_WARN_DOCUMENTATION_COMMENTS = YES;
				CLANG_WARN_EMPTY_BODY = YES;
				CLANG_WARN_ENUM_CONVERSION = YES;
				CLANG_WARN_INFINITE_RECURSION = YES;
				CLANG_WARN_INT_CONVERSION = YES;
				CLANG_WARN_NON_LITERAL_NULL_CONVERSION = YES;
				CLANG_WARN_OBJC_IMPLICIT_RETAIN_SELF = YES;
				CLANG_WARN_OBJC_LITERAL_CONVERSION = YES;
				CLANG_WARN_OBJC_ROOT_CLASS = YES_ERROR;
				CLANG_WARN_QUOTED_INCLUDE_IN_FRAMEWORK_HEADER = YES;
				CLANG_WARN_RANGE_LOOP_ANALYSIS = YES;
				CLANG_WARN_STRICT_PROTOTYPES = YES;
				CLANG_WARN_SUSPICIOUS_MOVE = YES;
				CLANG_WARN_UNGUARDED_AVAILABILITY = YES_AGGRESSIVE;
				CLANG_WARN_UNREACHABLE_CODE = YES;
				CLANG_WARN__DUPLICATE_METHOD_MATCH = YES;
				COPY_PHASE_STRIP = NO;
				DEBUG_INFORMATION_FORMAT = "dwarf-with-dsym";
				ENABLE_NS_ASSERTIONS = NO;
				ENABLE_STRICT_OBJC_MSGSEND = YES;
				ENABLE_USER_SCRIPT_SANDBOXING = YES;
				GCC_C_LANGUAGE_STANDARD = gnu17;
				GCC_NO_COMMON_BLOCKS = YES;
				GCC_WARN_64_TO_32_BIT_CONVERSION = YES;
				GCC_WARN_ABOUT_RETURN_TYPE = YES_ERROR;
				GCC_WARN_UNDECLARED_SELECTOR = YES;
				GCC_WARN_UNINITIALIZED_AUTOS = YES_AGGRESSIVE;
				GCC_WARN_UNUSED_FUNCTION = YES;
				GCC_WARN_UNUSED_VARIABLE = YES;
				IPHONEOS_DEPLOYMENT_TARGET = 17.0;
				LOCALIZATION_PREFERS_STRING_CATALOGS = YES;
				MTL_ENABLE_DEBUG_INFO = NO;
				MTL_FAST_MATH = YES;
				SDKROOT = iphoneos;
				SWIFT_COMPILATION_MODE = wholemodule;
				VALIDATE_PRODUCT = YES;
			};
			name = Release;
		};
		1A7000000000000000000003 /* Debug */ = {
			isa = XCBuildConfiguration;
			buildSettings = {
				ASSETCATALOG_COMPILER_APPICON_NAME = AppIcon;
				ASSETCATALOG_COMPILER_GLOBAL_ACCENT_COLOR_NAME = AccentColor;
				CODE_SIGN_ENTITLEMENTS = WLJWrapper/WLJWrapper.entitlements;
				CODE_SIGN_STYLE = Automatic;
				CURRENT_PROJECT_VERSION = 1;
				DEVELOPMENT_TEAM = PWRXQ69747;
				ENABLE_PREVIEWS = YES;
				GENERATE_INFOPLIST_FILE = NO;
				INFOPLIST_FILE = WLJWrapper/Resources/Info.plist;
				INFOPLIST_KEY_CFBundleDisplayName = "Whole Life Journey";
				INFOPLIST_KEY_LSApplicationCategoryType = "public.app-category.healthcare-fitness";
				INFOPLIST_KEY_UIApplicationSceneManifest_Generation = YES;
				INFOPLIST_KEY_UIApplicationSupportsIndirectInputEvents = YES;
				INFOPLIST_KEY_UILaunchScreen_Generation = YES;
				INFOPLIST_KEY_UISupportedInterfaceOrientations_iPad = "UIInterfaceOrientationPortrait UIInterfaceOrientationPortraitUpsideDown UIInterfaceOrientationLandscapeLeft UIInterfaceOrientationLandscapeRight";
				INFOPLIST_KEY_UISupportedInterfaceOrientations_iPhone = "UIInterfaceOrientationPortrait UIInterfaceOrientationLandscapeLeft UIInterfaceOrientationLandscapeRight";
				LD_RUNPATH_SEARCH_PATHS = (
					"$(inherited)",
					"@executable_path/Frameworks",
				);
				MARKETING_VERSION = 1.0.0;
				PRODUCT_BUNDLE_IDENTIFIER = com.wholelifejourney.app;
				PRODUCT_NAME = "$(TARGET_NAME)";
				SWIFT_EMIT_LOC_STRINGS = YES;
				SWIFT_VERSION = 5.0;
				TARGETED_DEVICE_FAMILY = "1,2";
			};
			name = Debug;
		};
		1A7000000000000000000004 /* Release */ = {
			isa = XCBuildConfiguration;
			buildSettings = {
				ASSETCATALOG_COMPILER_APPICON_NAME = AppIcon;
				ASSETCATALOG_COMPILER_GLOBAL_ACCENT_COLOR_NAME = AccentColor;
				CODE_SIGN_ENTITLEMENTS = WLJWrapper/WLJWrapper.entitlements;
				CODE_SIGN_STYLE = Automatic;
				CURRENT_PROJECT_VERSION = 1;
				DEVELOPMENT_TEAM = PWRXQ69747;
				ENABLE_PREVIEWS = YES;
				GENERATE_INFOPLIST_FILE = NO;
				INFOPLIST_FILE = WLJWrapper/Resources/Info.plist;
				INFOPLIST_KEY_CFBundleDisplayName = "Whole Life Journey";
				INFOPLIST_KEY_LSApplicationCategoryType = "public.app-category.healthcare-fitness";
				INFOPLIST_KEY_UIApplicationSceneManifest_Generation = YES;
				INFOPLIST_KEY_UIApplicationSupportsIndirectInputEvents = YES;
				INFOPLIST_KEY_UILaunchScreen_Generation = YES;
				INFOPLIST_KEY_UISupportedInterfaceOrientations_iPad = "UIInterfaceOrientationPortrait UIInterfaceOrientationPortraitUpsideDown UIInterfaceOrientationLandscapeLeft UIInterfaceOrientationLandscapeRight";
				INFOPLIST_KEY_UISupportedInterfaceOrientations_iPhone = "UIInterfaceOrientationPortrait UIInterfaceOrientationLandscapeLeft UIInterfaceOrientationLandscapeRight";
				LD_RUNPATH_SEARCH_PATHS = (
					"$(inherited)",
					"@executable_path/Frameworks",
				);
				MARKETING_VERSION = 1.0.0;
				PRODUCT_BUNDLE_IDENTIFIER = com.wholelifejourney.app;
				PRODUCT_NAME = "$(TARGET_NAME)";
				SWIFT_EMIT_LOC_STRINGS = YES;
				SWIFT_VERSION = 5.0;
				TARGETED_DEVICE_FAMILY = "1,2";
			};
			name = Release;
		};
/* End XCBuildConfiguration section */

/* Begin XCConfigurationList section */
		1A5000000000000000000001 /* Build configuration list for PBXNativeTarget "WLJWrapper" */ = {
			isa = XCConfigurationList;
			buildConfigurations = (
				1A7000000000000000000003 /* Debug */,
				1A7000000000000000000004 /* Release */,
			);
			defaultConfigurationIsVisible = 0;
			defaultConfigurationName = Release;
		};
		1A5000000000000000000002 /* Build configuration list for PBXProject "WLJWrapper" */ = {
			isa = XCConfigurationList;
			buildConfigurations = (
				1A7000000000000000000001 /* Debug */,
				1A7000000000000000000002 /* Release */,
			);
			defaultConfigurationIsVisible = 0;
			defaultConfigurationName = Release;
		};
/* End XCConfigurationList section */
	};
	rootObject = 1A6000000000000000000001 /* Project object */;
}
